
Microsoft Visual Studio Solution File, Format Version 12.00
# Visual Studio Version 17
VisualStudioVersion = 17.4.33213.308
MinimumVisualStudioVersion = 10.0.40219.1
Project("{FAE04EC0-301F-11D3-BF4B-00C04F79EFBC}") = "Week2", "Week2\Week2.csproj", "{A7834600-9E98-4E9F-B27B-B49C945C7B25}"
EndProject
Project("{FAE04EC0-301F-11D3-BF4B-00C04F79EFBC}") = "UserGenderValidation", "UserAgeValidation\UserGenderValidation.csproj", "{978EB215-A28C-495E-90B9-286B7B42803D}"
EndProject
Project("{FAE04EC0-301F-11D3-BF4B-00C04F79EFBC}") = "UserAgeValidation2", "UserAgeValidation2\UserAgeValidation2.csproj", "{9F6B1D34-708A-4A84-B9D5-031CD3DB59EE}"
EndProject
Global
	GlobalSection(SolutionConfigurationPlatforms) = preSolution
		Debug|Any CPU = Debug|Any CPU
		Release|Any CPU = Release|Any CPU
	EndGlobalSection
	GlobalSection(ProjectConfigurationPlatforms) = postSolution
		{A7834600-9E98-4E9F-B27B-B49C945C7B25}.Debug|Any CPU.ActiveCfg = Debug|Any CPU
		{A7834600-9E98-4E9F-B27B-B49C945C7B25}.Debug|Any CPU.Build.0 = Debug|Any CPU
		{A7834600-9E98-4E9F-B27B-B49C945C7B25}.Release|Any CPU.ActiveCfg = Release|Any CPU
		{A7834600-9E98-4E9F-B27B-B49C945C7B25}.Release|Any CPU.Build.0 = Release|Any CPU
		{978EB215-A28C-495E-90B9-286B7B42803D}.Debug|Any CPU.ActiveCfg = Debug|Any CPU
		{978EB215-A28C-495E-90B9-286B7B42803D}.Debug|Any CPU.Build.0 = Debug|Any CPU
		{978EB215-A28C-495E-90B9-286B7B42803D}.Release|Any CPU.ActiveCfg = Release|Any CPU
		{978EB215-A28C-495E-90B9-286B7B42803D}.Release|Any CPU.Build.0 = Release|Any CPU
		{9F6B1D34-708A-4A84-B9D5-031CD3DB59EE}.Debug|Any CPU.ActiveCfg = Debug|Any CPU
		{9F6B1D34-708A-4A84-B9D5-031CD3DB59EE}.Debug|Any CPU.Build.0 = Debug|Any CPU
		{9F6B1D34-708A-4A84-B9D5-031CD3DB59EE}.Release|Any CPU.ActiveCfg = Release|Any CPU
		{9F6B1D34-708A-4A84-B9D5-031CD3DB59EE}.Release|Any CPU.Build.0 = Release|Any CPU
	EndGlobalSection
	GlobalSection(SolutionProperties) = preSolution
		HideSolutionNode = FALSE
	EndGlobalSection
	GlobalSection(ExtensibilityGlobals) = postSolution
		SolutionGuid = {3F44AC2B-44B9-429A-9301-E6FDE4D0EFB6}
	EndGlobalSection
EndGlobal
